// !$*UTF8*$!
{
	archiveVersion = 1;
	classes = {
	};
	objectVersion = 46;
	objects = {

/* Begin PBXBuildFile section */
		AB166D711954EB9E007FF9FF /* Foundation.framework in Frameworks */ = {isa = PBXBuildFile; fileRef = AB166D701954EB9E007FF9FF /* Foundation.framework */; };
		AB166D731954EB9E007FF9FF /* CoreGraphics.framework in Frameworks */ = {isa = PBXBuildFile; fileRef = AB166D721954EB9E007FF9FF /* CoreGraphics.framework */; };
		AB166D751954EB9E007FF9FF /* UIKit.framework in Frameworks */ = {isa = PBXBuildFile; fileRef = AB166D741954EB9E007FF9FF /* UIKit.framework */; };
		AB166D7B1954EB9E007FF9FF /* InfoPlist.strings in Resources */ = {isa = PBXBuildFile; fileRef = AB166D791954EB9E007FF9FF /* InfoPlist.strings */; };
		AB166D7D1954EB9E007FF9FF /* main.m in Sources */ = {isa = PBXBuildFile; fileRef = AB166D7C1954EB9E007FF9FF /* main.m */; };
		AB166D811954EB9E007FF9FF /* AppDelegate.m in Sources */ = {isa = PBXBuildFile; fileRef = AB166D801954EB9E007FF9FF /* AppDelegate.m */; };
		AB166D831954EB9E007FF9FF /* Images.xcassets in Resources */ = {isa = PBXBuildFile; fileRef = AB166D821954EB9E007FF9FF /* Images.xcassets */; };
		AB166D8A1954EB9F007FF9FF /* XCTest.framework in Frameworks */ = {isa = PBXBuildFile; fileRef = AB166D891954EB9F007FF9FF /* XCTest.framework */; };
		AB166D8B1954EB9F007FF9FF /* Foundation.framework in Frameworks */ = {isa = PBXBuildFile; fileRef = AB166D701954EB9E007FF9FF /* Foundation.framework */; };
		AB166D8C1954EB9F007FF9FF /* UIKit.framework in Frameworks */ = {isa = PBXBuildFile; fileRef = AB166D741954EB9E007FF9FF /* UIKit.framework */; };
		AB166D941954EB9F007FF9FF /* InfoPlist.strings in Resources */ = {isa = PBXBuildFile; fileRef = AB166D921954EB9F007FF9FF /* InfoPlist.strings */; };
		AB166D961954EB9F007FF9FF /* TwitterPaggingTests.m in Sources */ = {isa = PBXBuildFile; fileRef = AB166D951954EB9F007FF9FF /* TwitterPaggingTests.m */; };
		AB166DA51954EE28007FF9FF /* XHPaggingNavbar.m in Sources */ = {isa = PBXBuildFile; fileRef = AB166DA41954EE28007FF9FF /* XHPaggingNavbar.m */; };
		AB166DA81954EF45007FF9FF /* XHTwitterPaggingViewer.m in Sources */ = {isa = PBXBuildFile; fileRef = AB166DA71954EF45007FF9FF /* XHTwitterPaggingViewer.m */; };
		AB166DAE1954FE8C007FF9FF /* XHDemoViewController.m in Sources */ = {isa = PBXBuildFile; fileRef = AB166DAD1954FE8C007FF9FF /* XHDemoViewController.m */; };
/* End PBXBuildFile section */

/* Begin PBXContainerItemProxy section */
		AB166D8D1954EB9F007FF9FF /* PBXContainerItemProxy */ = {
			isa = PBXContainerItemProxy;
			containerPortal = AB166D651954EB9E007FF9FF /* Project object */;
			proxyType = 1;
			remoteGlobalIDString = AB166D6C1954EB9E007FF9FF;
			remoteInfo = TwitterPagging;
		};
/* End PBXContainerItemProxy section */

/* Begin PBXFileReference section */
		AB166D6D1954EB9E007FF9FF /* TwitterPagging.app */ = {isa = PBXFileReference; explicitFileType = wrapper.application; includeInIndex = 0; path = TwitterPagging.app; sourceTree = BUILT_PRODUCTS_DIR; };
		AB166D701954EB9E007FF9FF /* Foundation.framework */ = {isa = PBXFileReference; lastKnownFileType = wrapper.framework; name = Foundation.framework; path = System/Library/Frameworks/Foundation.framework; sourceTree = SDKROOT; };
		AB166D721954EB9E007FF9FF /* CoreGraphics.framework */ = {isa = PBXFileReference; lastKnownFileType = wrapper.framework; name = CoreGraphics.framework; path = System/Library/Frameworks/CoreGraphics.framework; sourceTree = SDKROOT; };
		AB166D741954EB9E007FF9FF /* UIKit.framework */ = {isa = PBXFileReference; lastKnownFileType = wrapper.framework; name = UIKit.framework; path = System/Library/Frameworks/UIKit.framework; sourceTree = SDKROOT; };
		AB166D781954EB9E007FF9FF /* TwitterPagging-Info.plist */ = {isa = PBXFileReference; lastKnownFileType = text.plist.xml; path = "TwitterPagging-Info.plist"; sourceTree = "<group>"; };
		AB166D7A1954EB9E007FF9FF /* en */ = {isa = PBXFileReference; lastKnownFileType = text.plist.strings; name = en; path = en.lproj/InfoPlist.strings; sourceTree = "<group>"; };
		AB166D7C1954EB9E007FF9FF /* main.m */ = {isa = PBXFileReference; lastKnownFileType = sourcecode.c.objc; path = main.m; sourceTree = "<group>"; };
		AB166D7E1954EB9E007FF9FF /* TwitterPagging-Prefix.pch */ = {isa = PBXFileReference; lastKnownFileType = sourcecode.c.h; path = "TwitterPagging-Prefix.pch"; sourceTree = "<group>"; };
		AB166D7F1954EB9E007FF9FF /* AppDelegate.h */ = {isa = PBXFileReference; lastKnownFileType = sourcecode.c.h; path = AppDelegate.h; sourceTree = "<group>"; };
		AB166D801954EB9E007FF9FF /* AppDelegate.m */ = {isa = PBXFileReference; lastKnownFileType = sourcecode.c.objc; path = AppDelegate.m; sourceTree = "<group>"; };
		AB166D821954EB9E007FF9FF /* Images.xcassets */ = {isa = PBXFileReference; lastKnownFileType = folder.assetcatalog; path = Images.xcassets; sourceTree = "<group>"; };
		AB166D881954EB9F007FF9FF /* TwitterPaggingTests.xctest */ = {isa = PBXFileReference; explicitFileType = wrapper.cfbundle; includeInIndex = 0; path = TwitterPaggingTests.xctest; sourceTree = BUILT_PRODUCTS_DIR; };
		AB166D891954EB9F007FF9FF /* XCTest.framework */ = {isa = PBXFileReference; lastKnownFileType = wrapper.framework; name = XCTest.framework; path = Library/Frameworks/XCTest.framework; sourceTree = DEVELOPER_DIR; };
		AB166D911954EB9F007FF9FF /* TwitterPaggingTests-Info.plist */ = {isa = PBXFileReference; lastKnownFileType = text.plist.xml; path = "TwitterPaggingTests-Info.plist"; sourceTree = "<group>"; };
		AB166D931954EB9F007FF9FF /* en */ = {isa = PBXFileReference; lastKnownFileType = text.plist.strings; name = en; path = en.lproj/InfoPlist.strings; sourceTree = "<group>"; };
		AB166D951954EB9F007FF9FF /* TwitterPaggingTests.m */ = {isa = PBXFileReference; lastKnownFileType = sourcecode.c.objc; path = TwitterPaggingTests.m; sourceTree = "<group>"; };
		AB166DA31954EE28007FF9FF /* XHPaggingNavbar.h */ = {isa = PBXFileReference; fileEncoding = 4; lastKnownFileType = sourcecode.c.h; path = XHPaggingNavbar.h; sourceTree = "<group>"; };
		AB166DA41954EE28007FF9FF /* XHPaggingNavbar.m */ = {isa = PBXFileReference; fileEncoding = 4; lastKnownFileType = sourcecode.c.objc; path = XHPaggingNavbar.m; sourceTree = "<group>"; };
		AB166DA61954EF45007FF9FF /* XHTwitterPaggingViewer.h */ = {isa = PBXFileReference; fileEncoding = 4; lastKnownFileType = sourcecode.c.h; path = XHTwitterPaggingViewer.h; sourceTree = "<group>"; };
		AB166DA71954EF45007FF9FF /* XHTwitterPaggingViewer.m */ = {isa = PBXFileReference; fileEncoding = 4; lastKnownFileType = sourcecode.c.objc; path = XHTwitterPaggingViewer.m; sourceTree = "<group>"; };
		AB166DAC1954FE8C007FF9FF /* XHDemoViewController.h */ = {isa = PBXFileReference; fileEncoding = 4; lastKnownFileType = sourcecode.c.h; path = XHDemoViewController.h; sourceTree = "<group>"; };
		AB166DAD1954FE8C007FF9FF /* XHDemoViewController.m */ = {isa = PBXFileReference; fileEncoding = 4; lastKnownFileType = sourcecode.c.objc; path = XHDemoViewController.m; sourceTree = "<group>"; };
/* End PBXFileReference section */

/* Begin PBXFrameworksBuildPhase section */
		AB166D6A1954EB9E007FF9FF /* Frameworks */ = {
			isa = PBXFrameworksBuildPhase;
			buildActionMask = 2147483647;
			files = (
				AB166D731954EB9E007FF9FF /* CoreGraphics.framework in Frameworks */,
				AB166D751954EB9E007FF9FF /* UIKit.framework in Frameworks */,
				AB166D711954EB9E007FF9FF /* Foundation.framework in Frameworks */,
			);
			runOnlyForDeploymentPostprocessing = 0;
		};
		AB166D851954EB9F007FF9FF /* Frameworks */ = {
			isa = PBXFrameworksBuildPhase;
			buildActionMask = 2147483647;
			files = (
				AB166D8A1954EB9F007FF9FF /* XCTest.framework in Frameworks */,
				AB166D8C1954EB9F007FF9FF /* UIKit.framework in Frameworks */,
				AB166D8B1954EB9F007FF9FF /* Foundation.framework in Frameworks */,
			);
			runOnlyForDeploymentPostprocessing = 0;
		};
/* End PBXFrameworksBuildPhase section */

/* Begin PBXGroup section */
		AB166D641954EB9E007FF9FF = {
			isa = PBXGroup;
			children = (
				AB166D9F1954EC59007FF9FF /* Source */,
				AB166D761954EB9E007FF9FF /* TwitterPagging */,
				AB166D8F1954EB9F007FF9FF /* TwitterPaggingTests */,
				AB166D6F1954EB9E007FF9FF /* Frameworks */,
				AB166D6E1954EB9E007FF9FF /* Products */,
			);
			sourceTree = "<group>";
		};
		AB166D6E1954EB9E007FF9FF /* Products */ = {
			isa = PBXGroup;
			children = (
				AB166D6D1954EB9E007FF9FF /* TwitterPagging.app */,
				AB166D881954EB9F007FF9FF /* TwitterPaggingTests.xctest */,
			);
			name = Products;
			sourceTree = "<group>";
		};
		AB166D6F1954EB9E007FF9FF /* Frameworks */ = {
			isa = PBXGroup;
			children = (
				AB166D701954EB9E007FF9FF /* Foundation.framework */,
				AB166D721954EB9E007FF9FF /* CoreGraphics.framework */,
				AB166D741954EB9E007FF9FF /* UIKit.framework */,
				AB166D891954EB9F007FF9FF /* XCTest.framework */,
			);
			name = Frameworks;
			sourceTree = "<group>";
		};
		AB166D761954EB9E007FF9FF /* TwitterPagging */ = {
			isa = PBXGroup;
			children = (
				AB166D7F1954EB9E007FF9FF /* AppDelegate.h */,
				AB166D801954EB9E007FF9FF /* AppDelegate.m */,
				AB166DAC1954FE8C007FF9FF /* XHDemoViewController.h */,
				AB166DAD1954FE8C007FF9FF /* XHDemoViewController.m */,
				AB166D821954EB9E007FF9FF /* Images.xcassets */,
				AB166D771954EB9E007FF9FF /* Supporting Files */,
			);
			path = TwitterPagging;
			sourceTree = "<group>";
		};
		AB166D771954EB9E007FF9FF /* Supporting Files */ = {
			isa = PBXGroup;
			children = (
				AB166D781954EB9E007FF9FF /* TwitterPagging-Info.plist */,
				AB166D791954EB9E007FF9FF /* InfoPlist.strings */,
				AB166D7C1954EB9E007FF9FF /* main.m */,
				AB166D7E1954EB9E007FF9FF /* TwitterPagging-Prefix.pch */,
			);
			name = "Supporting Files";
			sourceTree = "<group>";
		};
		AB166D8F1954EB9F007FF9FF /* TwitterPaggingTests */ = {
			isa = PBXGroup;
			children = (
				AB166D951954EB9F007FF9FF /* TwitterPaggingTests.m */,
				AB166D901954EB9F007FF9FF /* Supporting Files */,
			);
			path = TwitterPaggingTests;
			sourceTree = "<group>";
		};
		AB166D901954EB9F007FF9FF /* Supporting Files */ = {
			isa = PBXGroup;
			children = (
				AB166D911954EB9F007FF9FF /* TwitterPaggingTests-Info.plist */,
				AB166D921954EB9F007FF9FF /* InfoPlist.strings */,
			);
			name = "Supporting Files";
			sourceTree = "<group>";
		};
		AB166D9F1954EC59007FF9FF /* Source */ = {
			isa = PBXGroup;
			children = (
				AB166DA61954EF45007FF9FF /* XHTwitterPaggingViewer.h */,
				AB166DA71954EF45007FF9FF /* XHTwitterPaggingViewer.m */,
				AB166DA31954EE28007FF9FF /* XHPaggingNavbar.h */,
				AB166DA41954EE28007FF9FF /* XHPaggingNavbar.m */,
			);
			name = Source;
			path = ../Source;
			sourceTree = "<group>";
		};
/* End PBXGroup section */

/* Begin PBXNativeTarget section */
		AB166D6C1954EB9E007FF9FF /* TwitterPagging */ = {
			isa = PBXNativeTarget;
			buildConfigurationList = AB166D991954EB9F007FF9FF /* Build configuration list for PBXNativeTarget "TwitterPagging" */;
			buildPhases = (
				AB166D691954EB9E007FF9FF /* Sources */,
				AB166D6A1954EB9E007FF9FF /* Frameworks */,
				AB166D6B1954EB9E007FF9FF /* Resources */,
			);
			buildRules = (
			);
			dependencies = (
			);
			name = TwitterPagging;
			productName = TwitterPagging;
			productReference = AB166D6D1954EB9E007FF9FF /* TwitterPagging.app */;
			productType = "com.apple.product-type.application";
		};
		AB166D871954EB9F007FF9FF /* TwitterPaggingTests */ = {
			isa = PBXNativeTarget;
			buildConfigurationList = AB166D9C1954EB9F007FF9FF /* Build configuration list for PBXNativeTarget "TwitterPaggingTests" */;
			buildPhases = (
				AB166D841954EB9F007FF9FF /* Sources */,
				AB166D851954EB9F007FF9FF /* Frameworks */,
				AB166D861954EB9F007FF9FF /* Resources */,
			);
			buildRules = (
			);
			dependencies = (
				AB166D8E1954EB9F007FF9FF /* PBXTargetDependency */,
			);
			name = TwitterPaggingTests;
			productName = TwitterPaggingTests;
			productReference = AB166D881954EB9F007FF9FF /* TwitterPaggingTests.xctest */;
			productType = "com.apple.product-type.bundle.unit-test";
		};
/* End PBXNativeTarget section */

/* Begin PBXProject section */
		AB166D651954EB9E007FF9FF /* Project object */ = {
			isa = PBXProject;
			attributes = {
				LastUpgradeCheck = 0510;
				ORGANIZATIONNAME = "曾宪华 QQ群: (142557668) QQ:543413507  Gmail:xhzengAIB@gmail.com";
				TargetAttributes = {
					AB166D871954EB9F007FF9FF = {
						TestTargetID = AB166D6C1954EB9E007FF9FF;
					};
				};
			};
			buildConfigurationList = AB166D681954EB9E007FF9FF /* Build configuration list for PBXProject "TwitterPagging" */;
			compatibilityVersion = "Xcode 3.2";
			developmentRegion = English;
			hasScannedForEncodings = 0;
			knownRegions = (
				en,
			);
			mainGroup = AB166D641954EB9E007FF9FF;
			productRefGroup = AB166D6E1954EB9E007FF9FF /* Products */;
			projectDirPath = "";
			projectRoot = "";
			targets = (
				AB166D6C1954EB9E007FF9FF /* TwitterPagging */,
				AB166D871954EB9F007FF9FF /* TwitterPaggingTests */,
			);
		};
/* End PBXProject section */

/* Begin PBXResourcesBuildPhase section */
		AB166D6B1954EB9E007FF9FF /* Resources */ = {
			isa = PBXResourcesBuildPhase;
			buildActionMask = 2147483647;
			files = (
				AB166D7B1954EB9E007FF9FF /* InfoPlist.strings in Resources */,
				AB166D831954EB9E007FF9FF /* Images.xcassets in Resources */,
			);
			runOnlyForDeploymentPostprocessing = 0;
		};
		AB166D861954EB9F007FF9FF /* Resources */ = {
			isa = PBXResourcesBuildPhase;
			buildActionMask = 2147483647;
			files = (
				AB166D941954EB9F007FF9FF /* InfoPlist.strings in Resources */,
			);
			runOnlyForDeploymentPostprocessing = 0;
		};
/* End PBXResourcesBuildPhase section */

/* Begin PBXSourcesBuildPhase section */
		AB166D691954EB9E007FF9FF /* Sources */ = {
			isa = PBXSourcesBuildPhase;
			buildActionMask = 2147483647;
			files = (
				AB166DAE1954FE8C007FF9FF /* XHDemoViewController.m in Sources */,
				AB166D811954EB9E007FF9FF /* AppDelegate.m in Sources */,
				AB166DA51954EE28007FF9FF /* XHPaggingNavbar.m in Sources */,
				AB166DA81954EF45007FF9FF /* XHTwitterPaggingViewer.m in Sources */,
				AB166D7D1954EB9E007FF9FF /* main.m in Sources */,
			);
			runOnlyForDeploymentPostprocessing = 0;
		};
		AB166D841954EB9F007FF9FF /* Sources */ = {
			isa = PBXSourcesBuildPhase;
			buildActionMask = 2147483647;
			files = (
				AB166D961954EB9F007FF9FF /* TwitterPaggingTests.m in Sources */,
			);
			runOnlyForDeploymentPostprocessing = 0;
		};
/* End PBXSourcesBuildPhase section */

/* Begin PBXTargetDependency section */
		AB166D8E1954EB9F007FF9FF /* PBXTargetDependency */ = {
			isa = PBXTargetDependency;
			target = AB166D6C1954EB9E007FF9FF /* TwitterPagging */;
			targetProxy = AB166D8D1954EB9F007FF9FF /* PBXContainerItemProxy */;
		};
/* End PBXTargetDependency section */

/* Begin PBXVariantGroup section */
		AB166D791954EB9E007FF9FF /* InfoPlist.strings */ = {
			isa = PBXVariantGroup;
			children = (
				AB166D7A1954EB9E007FF9FF /* en */,
			);
			name = InfoPlist.strings;
			sourceTree = "<group>";
		};
		AB166D921954EB9F007FF9FF /* InfoPlist.strings */ = {
			isa = PBXVariantGroup;
			children = (
				AB166D931954EB9F007FF9FF /* en */,
			);
			name = InfoPlist.strings;
			sourceTree = "<group>";
		};
/* End PBXVariantGroup section */

/* Begin XCBuildConfiguration section */
		AB166D971954EB9F007FF9FF /* Debug */ = {
			isa = XCBuildConfiguration;
			buildSettings = {
				ALWAYS_SEARCH_USER_PATHS = NO;
				CLANG_CXX_LANGUAGE_STANDARD = "gnu++0x";
				CLANG_CXX_LIBRARY = "libc++";
				CLANG_ENABLE_MODULES = YES;
				CLANG_ENABLE_OBJC_ARC = YES;
				CLANG_WARN_BOOL_CONVERSION = YES;
				CLANG_WARN_CONSTANT_CONVERSION = YES;
				CLANG_WARN_DIRECT_OBJC_ISA_USAGE = YES_ERROR;
				CLANG_WARN_EMPTY_BODY = YES;
				CLANG_WARN_ENUM_CONVERSION = YES;
				CLANG_WARN_INT_CONVERSION = YES;
				CLANG_WARN_OBJC_ROOT_CLASS = YES_ERROR;
				CLANG_WARN__DUPLICATE_METHOD_MATCH = YES;
				"CODE_SIGN_IDENTITY[sdk=iphoneos*]" = "iPhone Developer";
				COPY_PHASE_STRIP = NO;
				GCC_C_LANGUAGE_STANDARD = gnu99;
				GCC_DYNAMIC_NO_PIC = NO;
				GCC_OPTIMIZATION_LEVEL = 0;
				GCC_PREPROCESSOR_DEFINITIONS = (
					"DEBUG=1",
					"$(inherited)",
				);
				GCC_SYMBOLS_PRIVATE_EXTERN = NO;
				GCC_WARN_64_TO_32_BIT_CONVERSION = YES;
				GCC_WARN_ABOUT_RETURN_TYPE = YES_ERROR;
				GCC_WARN_UNDECLARED_SELECTOR = YES;
				GCC_WARN_UNINITIALIZED_AUTOS = YES_AGGRESSIVE;
				GCC_WARN_UNUSED_FUNCTION = YES;
				GCC_WARN_UNUSED_VARIABLE = YES;
				IPHONEOS_DEPLOYMENT_TARGET = 7.1;
				ONLY_ACTIVE_ARCH = YES;
				SDKROOT = iphoneos;
				TARGETED_DEVICE_FAMILY = "1,2";
			};
			name = Debug;
		};
		AB166D981954EB9F007FF9FF /* Release */ = {
			isa = XCBuildConfiguration;
			buildSettings = {
				ALWAYS_SEARCH_USER_PATHS = NO;
				CLANG_CXX_LANGUAGE_STANDARD = "gnu++0x";
				CLANG_CXX_LIBRARY = "libc++";
				CLANG_ENABLE_MODULES = YES;
				CLANG_ENABLE_OBJC_ARC = YES;
				CLANG_WARN_BOOL_CONVERSION = YES;
				CLANG_WARN_CONSTANT_CONVERSION = YES;
				CLANG_WARN_DIRECT_OBJC_ISA_USAGE = YES_ERROR;
				CLANG_WARN_EMPTY_BODY = YES;
				CLANG_WARN_ENUM_CONVERSION = YES;
				CLANG_WARN_INT_CONVERSION = YES;
				CLANG_WARN_OBJC_ROOT_CLASS = YES_ERROR;
				CLANG_WARN__DUPLICATE_METHOD_MATCH = YES;
				"CODE_SIGN_IDENTITY[sdk=iphoneos*]" = "iPhone Developer";
				COPY_PHASE_STRIP = YES;
				ENABLE_NS_ASSERTIONS = NO;
				GCC_C_LANGUAGE_STANDARD = gnu99;
				GCC_WARN_64_TO_32_BIT_CONVERSION = YES;
				GCC_WARN_ABOUT_RETURN_TYPE = YES_ERROR;
				GCC_WARN_UNDECLARED_SELECTOR = YES;
				GCC_WARN_UNINITIALIZED_AUTOS = YES_AGGRESSIVE;
				GCC_WARN_UNUSED_FUNCTION = YES;
				GCC_WARN_UNUSED_VARIABLE = YES;
				IPHONEOS_DEPLOYMENT_TARGET = 7.1;
				SDKROOT = iphoneos;
				TARGETED_DEVICE_FAMILY = "1,2";
				VALIDATE_PRODUCT = YES;
			};
			name = Release;
		};
		AB166D9A1954EB9F007FF9FF /* Debug */ = {
			isa = XCBuildConfiguration;
			buildSettings = {
				ASSETCATALOG_COMPILER_APPICON_NAME = AppIcon;
				ASSETCATALOG_COMPILER_LAUNCHIMAGE_NAME = LaunchImage;
				GCC_PRECOMPILE_PREFIX_HEADER = YES;
				GCC_PREFIX_HEADER = "TwitterPagging/TwitterPagging-Prefix.pch";
				INFOPLIST_FILE = "TwitterPagging/TwitterPagging-Info.plist";
				IPHONEOS_DEPLOYMENT_TARGET = 6.0;
				PRODUCT_NAME = "$(TARGET_NAME)";
				WRAPPER_EXTENSION = app;
			};
			name = Debug;
		};
		AB166D9B1954EB9F007FF9FF /* Release */ = {
			isa = XCBuildConfiguration;
			buildSettings = {
				ASSETCATALOG_COMPILER_APPICON_NAME = AppIcon;
				ASSETCATALOG_COMPILER_LAUNCHIMAGE_NAME = LaunchImage;
				GCC_PRECOMPILE_PREFIX_HEADER = YES;
				GCC_PREFIX_HEADER = "TwitterPagging/TwitterPagging-Prefix.pch";
				INFOPLIST_FILE = "TwitterPagging/TwitterPagging-Info.plist";
				IPHONEOS_DEPLOYMENT_TARGET = 6.0;
				PRODUCT_NAME = "$(TARGET_NAME)";
				WRAPPER_EXTENSION = app;
			};
			name = Release;
		};
		AB166D9D1954EB9F007FF9FF /* Debug */ = {
			isa = XCBuildConfiguration;
			buildSettings = {
				BUNDLE_LOADER = "$(BUILT_PRODUCTS_DIR)/TwitterPagging.app/TwitterPagging";
				FRAMEWORK_SEARCH_PATHS = (
					"$(SDKROOT)/Developer/Library/Frameworks",
					"$(inherited)",
					"$(DEVELOPER_FRAMEWORKS_DIR)",
				);
				GCC_PRECOMPILE_PREFIX_HEADER = YES;
				GCC_PREFIX_HEADER = "TwitterPagging/TwitterPagging-Prefix.pch";
				GCC_PREPROCESSOR_DEFINITIONS = (
					"DEBUG=1",
					"$(inherited)",
				);
				INFOPLIST_FILE = "TwitterPaggingTests/TwitterPaggingTests-Info.plist";
				PRODUCT_NAME = "$(TARGET_NAME)";
				TEST_HOST = "$(BUNDLE_LOADER)";
				WRAPPER_EXTENSION = xctest;
			};
			name = Debug;
		};
		AB166D9E1954EB9F007FF9FF /* Release */ = {
			isa = XCBuildConfiguration;
			buildSettings = {
				BUNDLE_LOADER = "$(BUILT_PRODUCTS_DIR)/TwitterPagging.app/TwitterPagging";
				FRAMEWORK_SEARCH_PATHS = (
					"$(SDKROOT)/Developer/Library/Frameworks",
					"$(inherited)",
					"$(DEVELOPER_FRAMEWORKS_DIR)",
				);
				GCC_PRECOMPILE_PREFIX_HEADER = YES;
				GCC_PREFIX_HEADER = "TwitterPagging/TwitterPagging-Prefix.pch";
				INFOPLIST_FILE = "TwitterPaggingTests/TwitterPaggingTests-Info.plist";
				PRODUCT_NAME = "$(TARGET_NAME)";
				TEST_HOST = "$(BUNDLE_LOADER)";
				WRAPPER_EXTENSION = xctest;
			};
			name = Release;
		};
/* End XCBuildConfiguration section */

/* Begin XCConfigurationList section */
		AB166D681954EB9E007FF9FF /* Build configuration list for PBXProject "TwitterPagging" */ = {
			isa = XCConfigurationList;
			buildConfigurations = (
				AB166D971954EB9F007FF9FF /* Debug */,
				AB166D981954EB9F007FF9FF /* Release */,
			);
			defaultConfigurationIsVisible = 0;
			defaultConfigurationName = Release;
		};
		AB166D991954EB9F007FF9FF /* Build configuration list for PBXNativeTarget "TwitterPagging" */ = {
			isa = XCConfigurationList;
			buildConfigurations = (
				AB166D9A1954EB9F007FF9FF /* Debug */,
				AB166D9B1954EB9F007FF9FF /* Release */,
			);
			defaultConfigurationIsVisible = 0;
			defaultConfigurationName = Release;
		};
		AB166D9C1954EB9F007FF9FF /* Build configuration list for PBXNativeTarget "TwitterPaggingTests" */ = {
			isa = XCConfigurationList;
			buildConfigurations = (
				AB166D9D1954EB9F007FF9FF /* Debug */,
				AB166D9E1954EB9F007FF9FF /* Release */,
			);
			defaultConfigurationIsVisible = 0;
			defaultConfigurationName = Release;
		};
/* End XCConfigurationList section */
	};
	rootObject = AB166D651954EB9E007FF9FF /* Project object */;
}
